{
  "version": "5",
  "specifiers": {
    "jsr:@hono/hono@^4.8.9": "4.8.9"
  },
  "jsr": {
    "@hono/hono@4.8.9": {
      "integrity": "5e5de33b16e0b3e69e3023de84806b84d9cf800320571fbc9d4c5c880495622a"
    }
  },
  "workspace": {
    "dependencies": [
      "jsr:@hono/hono@^4.8.9"
    ],
    "packageJson": {
      "dependencies": [
        "npm:@vitejs/plugin-vue@6",
        "npm:@vue/tsconfig@0.7",
        "npm:typescript@~5.8.3",
        "npm:vite@^7.0.4",
        "npm:vue-router@^4.5.1",
        "npm:vue-tsc@^2.2.12",
        "npm:vue@^3.5.17"
      ]
    }
  }
}
